[root]
name = "vec-bench"
version = "0.1.0"
dependencies = [
 "bencher 0.1.4 (registry+https://github.com/rust-lang/crates.io-index)",
]

[[package]]
name = "bencher"
version = "0.1.4"
source = "registry+https://github.com/rust-lang/crates.io-index"

[metadata]
"checksum bencher 0.1.4 (registry+https://github.com/rust-lang/crates.io-index)" = "1668b311500dd3b240933ee5ca5a80505e8378a4fa0a6457f629760e97d6c992"
